
Microsoft Visual Studio Solution File, Format Version 12.00
# Visual Studio Version 16
VisualStudioVersion = 16.0.29613.14
MinimumVisualStudioVersion = 10.0.40219.1
Project("{FAE04EC0-301F-11D3-BF4B-00C04F79EFBC}") = "01. Introduction", "01. Introduction\01. Introduction.csproj", "{8F6EE349-1FEB-452B-8D31-17523E16EFF8}"
EndProject
Project("{FAE04EC0-301F-11D3-BF4B-00C04F79EFBC}") = "02. MultipleExceptions", "02. MultipleExceptions\02. MultipleExceptions.csproj", "{28A3D0C4-F350-4A71-90E8-13CAD8ED4021}"
EndProject
Project("{FAE04EC0-301F-11D3-BF4B-00C04F79EFBC}") = "03. TryCatchFinally", "03. TryCatchFinally\03. TryCatchFinally.csproj", "{E9E48B5A-DB9A-4CD6-A2B2-985317432CE2}"
EndProject
Global
	GlobalSection(SolutionConfigurationPlatforms) = preSolution
		Debug|Any CPU = Debug|Any CPU
		Release|Any CPU = Release|Any CPU
	EndGlobalSection
	GlobalSection(ProjectConfigurationPlatforms) = postSolution
		{8F6EE349-1FEB-452B-8D31-17523E16EFF8}.Debug|Any CPU.ActiveCfg = Debug|Any CPU
		{8F6EE349-1FEB-452B-8D31-17523E16EFF8}.Debug|Any CPU.Build.0 = Debug|Any CPU
		{8F6EE349-1FEB-452B-8D31-17523E16EFF8}.Release|Any CPU.ActiveCfg = Release|Any CPU
		{8F6EE349-1FEB-452B-8D31-17523E16EFF8}.Release|Any CPU.Build.0 = Release|Any CPU
		{28A3D0C4-F350-4A71-90E8-13CAD8ED4021}.Debug|Any CPU.ActiveCfg = Debug|Any CPU
		{28A3D0C4-F350-4A71-90E8-13CAD8ED4021}.Debug|Any CPU.Build.0 = Debug|Any CPU
		{28A3D0C4-F350-4A71-90E8-13CAD8ED4021}.Release|Any CPU.ActiveCfg = Release|Any CPU
		{28A3D0C4-F350-4A71-90E8-13CAD8ED4021}.Release|Any CPU.Build.0 = Release|Any CPU
		{E9E48B5A-DB9A-4CD6-A2B2-985317432CE2}.Debug|Any CPU.ActiveCfg = Debug|Any CPU
		{E9E48B5A-DB9A-4CD6-A2B2-985317432CE2}.Debug|Any CPU.Build.0 = Debug|Any CPU
		{E9E48B5A-DB9A-4CD6-A2B2-985317432CE2}.Release|Any CPU.ActiveCfg = Release|Any CPU
		{E9E48B5A-DB9A-4CD6-A2B2-985317432CE2}.Release|Any CPU.Build.0 = Release|Any CPU
	EndGlobalSection
	GlobalSection(SolutionProperties) = preSolution
		HideSolutionNode = FALSE
	EndGlobalSection
	GlobalSection(ExtensibilityGlobals) = postSolution
		SolutionGuid = {94197CD1-253D-4557-B7AA-92C73F24367A}
	EndGlobalSection
EndGlobal
